
Microsoft Visual Studio Solution File, Format Version 12.00
# Visual Studio Version 16
VisualStudioVersion = 16.0.30114.105
MinimumVisualStudioVersion = 15.0.26124.0
Project("{9A19103F-16F7-4668-BE54-9A1E7A4F7556}") = "Hangman", "Hangman\Hangman.csproj", "{B1919DC7-CD53-45AC-ACE5-9793DB63B8C7}"
EndProject
Project("{9A19103F-16F7-4668-BE54-9A1E7A4F7556}") = "Hangman.Test", "Hangman.Tests\Hangman.Test.csproj", "{BCD797EB-5B31-4D23-9D68-B98C6909C9D9}"
EndProject
Project("{9A19103F-16F7-4668-BE54-9A1E7A4F7556}") = "Hangman.Web", "Hangman.Web\Hangman.Web.csproj", "{708716A8-ED27-4F75-994E-9463671A8B53}"
EndProject
Project("{9A19103F-16F7-4668-BE54-9A1E7A4F7556}") = "Hangman.Data", "Hangman.Data\Hangman.Data.csproj", "{E141B285-289B-4C2B-A062-E849ACB3187C}"
EndProject
Project("{9A19103F-16F7-4668-BE54-9A1E7A4F7556}") = "Hangman.infrastructure", "Hangman.infrastructure\Hangman.infrastructure.csproj", "{AC142D24-D775-4756-8E27-CEDD9E3E5094}"
EndProject
Global
	GlobalSection(SolutionConfigurationPlatforms) = preSolution
		Debug|Any CPU = Debug|Any CPU
		Release|Any CPU = Release|Any CPU
	EndGlobalSection
	GlobalSection(ProjectConfigurationPlatforms) = postSolution
		{B1919DC7-CD53-45AC-ACE5-9793DB63B8C7}.Debug|Any CPU.ActiveCfg = Debug|Any CPU
		{B1919DC7-CD53-45AC-ACE5-9793DB63B8C7}.Debug|Any CPU.Build.0 = Debug|Any CPU
		{B1919DC7-CD53-45AC-ACE5-9793DB63B8C7}.Release|Any CPU.ActiveCfg = Release|Any CPU
		{B1919DC7-CD53-45AC-ACE5-9793DB63B8C7}.Release|Any CPU.Build.0 = Release|Any CPU
		{BCD797EB-5B31-4D23-9D68-B98C6909C9D9}.Debug|Any CPU.ActiveCfg = Debug|Any CPU
		{BCD797EB-5B31-4D23-9D68-B98C6909C9D9}.Debug|Any CPU.Build.0 = Debug|Any CPU
		{BCD797EB-5B31-4D23-9D68-B98C6909C9D9}.Release|Any CPU.ActiveCfg = Release|Any CPU
		{BCD797EB-5B31-4D23-9D68-B98C6909C9D9}.Release|Any CPU.Build.0 = Release|Any CPU
		{708716A8-ED27-4F75-994E-9463671A8B53}.Debug|Any CPU.ActiveCfg = Debug|Any CPU
		{708716A8-ED27-4F75-994E-9463671A8B53}.Debug|Any CPU.Build.0 = Debug|Any CPU
		{708716A8-ED27-4F75-994E-9463671A8B53}.Release|Any CPU.ActiveCfg = Release|Any CPU
		{708716A8-ED27-4F75-994E-9463671A8B53}.Release|Any CPU.Build.0 = Release|Any CPU
		{E141B285-289B-4C2B-A062-E849ACB3187C}.Debug|Any CPU.ActiveCfg = Debug|Any CPU
		{E141B285-289B-4C2B-A062-E849ACB3187C}.Debug|Any CPU.Build.0 = Debug|Any CPU
		{E141B285-289B-4C2B-A062-E849ACB3187C}.Release|Any CPU.ActiveCfg = Release|Any CPU
		{E141B285-289B-4C2B-A062-E849ACB3187C}.Release|Any CPU.Build.0 = Release|Any CPU
		{AC142D24-D775-4756-8E27-CEDD9E3E5094}.Debug|Any CPU.ActiveCfg = Debug|Any CPU
		{AC142D24-D775-4756-8E27-CEDD9E3E5094}.Debug|Any CPU.Build.0 = Debug|Any CPU
		{AC142D24-D775-4756-8E27-CEDD9E3E5094}.Release|Any CPU.ActiveCfg = Release|Any CPU
		{AC142D24-D775-4756-8E27-CEDD9E3E5094}.Release|Any CPU.Build.0 = Release|Any CPU
	EndGlobalSection
	GlobalSection(SolutionProperties) = preSolution
		HideSolutionNode = FALSE
	EndGlobalSection
	GlobalSection(ExtensibilityGlobals) = postSolution
		SolutionGuid = {926AA2D0-AED5-43EC-8151-E38B829B53D6}
	EndGlobalSection
EndGlobal
